// !$*UTF8*$!
{
	archiveVersion = 1;
	classes = {
	};
	objectVersion = 51;
	objects = {

/* Begin PBXBuildFile section */
		BFBE2A0AE3B2AC57374AA4C3 /* Pods_Example2GisApi.framework in Frameworks */ = {isa = PBXBuildFile; fileRef = 947D9D08A9258C8E1B947D19 /* Pods_Example2GisApi.framework */; };
		FAAC381723B9CFE100A23D8E /* DGMap.html in Resources */ = {isa = PBXBuildFile; fileRef = FAAC381623B9CFE100A23D8E /* DGMap.html */; };
		FAE3F9C023B6235C00F6E7BC /* AppDelegate.swift in Sources */ = {isa = PBXBuildFile; fileRef = FAE3F9BF23B6235C00F6E7BC /* AppDelegate.swift */; };
		FAE3F9C423B6235C00F6E7BC /* ViewController.swift in Sources */ = {isa = PBXBuildFile; fileRef = FAE3F9C323B6235C00F6E7BC /* ViewController.swift */; };
		FAE3F9C723B6235C00F6E7BC /* Main.storyboard in Resources */ = {isa = PBXBuildFile; fileRef = FAE3F9C523B6235C00F6E7BC /* Main.storyboard */; };
		FAE3F9C923B6236300F6E7BC /* Assets.xcassets in Resources */ = {isa = PBXBuildFile; fileRef = FAE3F9C823B6236300F6E7BC /* Assets.xcassets */; };
		FAE3F9CC23B6236300F6E7BC /* LaunchScreen.storyboard in Resources */ = {isa = PBXBuildFile; fileRef = FAE3F9CA23B6236300F6E7BC /* LaunchScreen.storyboard */; };
		FAE3F9D523B6248300F6E7BC /* DGMapWebView.swift in Sources */ = {isa = PBXBuildFile; fileRef = FAE3F9D423B6248300F6E7BC /* DGMapWebView.swift */; };
/* End PBXBuildFile section */

/* Begin PBXFileReference section */
		0391BB8FACA9EF1E7D3F7CB0 /* Pods-Example2GisApi.debug.xcconfig */ = {isa = PBXFileReference; includeInIndex = 1; lastKnownFileType = text.xcconfig; name = "Pods-Example2GisApi.debug.xcconfig"; path = "Target Support Files/Pods-Example2GisApi/Pods-Example2GisApi.debug.xcconfig"; sourceTree = "<group>"; };
		947D9D08A9258C8E1B947D19 /* Pods_Example2GisApi.framework */ = {isa = PBXFileReference; explicitFileType = wrapper.framework; includeInIndex = 0; path = Pods_Example2GisApi.framework; sourceTree = BUILT_PRODUCTS_DIR; };
		CF5CD3ACFA8319173AEA530A /* Pods-Example2GisApi.release.xcconfig */ = {isa = PBXFileReference; includeInIndex = 1; lastKnownFileType = text.xcconfig; name = "Pods-Example2GisApi.release.xcconfig"; path = "Target Support Files/Pods-Example2GisApi/Pods-Example2GisApi.release.xcconfig"; sourceTree = "<group>"; };
		FAAC381623B9CFE100A23D8E /* DGMap.html */ = {isa = PBXFileReference; fileEncoding = 4; lastKnownFileType = text.html; path = DGMap.html; sourceTree = "<group>"; };
		FAE3F9BC23B6235C00F6E7BC /* Example2GisApi.app */ = {isa = PBXFileReference; explicitFileType = wrapper.application; includeInIndex = 0; path = Example2GisApi.app; sourceTree = BUILT_PRODUCTS_DIR; };
		FAE3F9BF23B6235C00F6E7BC /* AppDelegate.swift */ = {isa = PBXFileReference; lastKnownFileType = sourcecode.swift; path = AppDelegate.swift; sourceTree = "<group>"; };
		FAE3F9C323B6235C00F6E7BC /* ViewController.swift */ = {isa = PBXFileReference; lastKnownFileType = sourcecode.swift; path = ViewController.swift; sourceTree = "<group>"; };
		FAE3F9C623B6235C00F6E7BC /* Base */ = {isa = PBXFileReference; lastKnownFileType = file.storyboard; name = Base; path = Base.lproj/Main.storyboard; sourceTree = "<group>"; };
		FAE3F9C823B6236300F6E7BC /* Assets.xcassets */ = {isa = PBXFileReference; lastKnownFileType = folder.assetcatalog; path = Assets.xcassets; sourceTree = "<group>"; };
		FAE3F9CB23B6236300F6E7BC /* Base */ = {isa = PBXFileReference; lastKnownFileType = file.storyboard; name = Base; path = Base.lproj/LaunchScreen.storyboard; sourceTree = "<group>"; };
		FAE3F9CD23B6236300F6E7BC /* Info.plist */ = {isa = PBXFileReference; lastKnownFileType = text.plist.xml; path = Info.plist; sourceTree = "<group>"; };
		FAE3F9D423B6248300F6E7BC /* DGMapWebView.swift */ = {isa = PBXFileReference; lastKnownFileType = sourcecode.swift; path = DGMapWebView.swift; sourceTree = "<group>"; };
/* End PBXFileReference section */

/* Begin PBXFrameworksBuildPhase section */
		FAE3F9B923B6235C00F6E7BC /* Frameworks */ = {
			isa = PBXFrameworksBuildPhase;
			buildActionMask = 2147483647;
			files = (
				BFBE2A0AE3B2AC57374AA4C3 /* Pods_Example2GisApi.framework in Frameworks */,
			);
			runOnlyForDeploymentPostprocessing = 0;
		};
/* End PBXFrameworksBuildPhase section */

/* Begin PBXGroup section */
		2FDB41FF6BA44726E59D44D3 /* Pods */ = {
			isa = PBXGroup;
			children = (
				0391BB8FACA9EF1E7D3F7CB0 /* Pods-Example2GisApi.debug.xcconfig */,
				CF5CD3ACFA8319173AEA530A /* Pods-Example2GisApi.release.xcconfig */,
			);
			path = Pods;
			sourceTree = "<group>";
		};
		F39EA2440975ABCCED0A019A /* Frameworks */ = {
			isa = PBXGroup;
			children = (
				947D9D08A9258C8E1B947D19 /* Pods_Example2GisApi.framework */,
			);
			name = Frameworks;
			sourceTree = "<group>";
		};
		FAE3F9B323B6235C00F6E7BC = {
			isa = PBXGroup;
			children = (
				FAE3F9D323B6237E00F6E7BC /* DGMapWebView */,
				FAE3F9BE23B6235C00F6E7BC /* Example */,
				FAE3F9BD23B6235C00F6E7BC /* Products */,
				2FDB41FF6BA44726E59D44D3 /* Pods */,
				F39EA2440975ABCCED0A019A /* Frameworks */,
			);
			sourceTree = "<group>";
		};
		FAE3F9BD23B6235C00F6E7BC /* Products */ = {
			isa = PBXGroup;
			children = (
				FAE3F9BC23B6235C00F6E7BC /* Example2GisApi.app */,
			);
			name = Products;
			sourceTree = "<group>";
		};
		FAE3F9BE23B6235C00F6E7BC /* Example */ = {
			isa = PBXGroup;
			children = (
				FAE3F9BF23B6235C00F6E7BC /* AppDelegate.swift */,
				FAE3F9C323B6235C00F6E7BC /* ViewController.swift */,
				FAE3F9C523B6235C00F6E7BC /* Main.storyboard */,
				FAE3F9C823B6236300F6E7BC /* Assets.xcassets */,
				FAE3F9CA23B6236300F6E7BC /* LaunchScreen.storyboard */,
				FAE3F9CD23B6236300F6E7BC /* Info.plist */,
			);
			path = Example;
			sourceTree = "<group>";
		};
		FAE3F9D323B6237E00F6E7BC /* DGMapWebView */ = {
			isa = PBXGroup;
			children = (
				FAE3F9D423B6248300F6E7BC /* DGMapWebView.swift */,
				FAAC381623B9CFE100A23D8E /* DGMap.html */,
			);
			path = DGMapWebView;
			sourceTree = "<group>";
		};
/* End PBXGroup section */

/* Begin PBXNativeTarget section */
		FAE3F9BB23B6235C00F6E7BC /* Example2GisApi */ = {
			isa = PBXNativeTarget;
			buildConfigurationList = FAE3F9D023B6236300F6E7BC /* Build configuration list for PBXNativeTarget "Example2GisApi" */;
			buildPhases = (
				83D281EC60A3EBA4488F0388 /* [CP] Check Pods Manifest.lock */,
				FAE3F9B823B6235C00F6E7BC /* Sources */,
				FAE3F9B923B6235C00F6E7BC /* Frameworks */,
				FAE3F9BA23B6235C00F6E7BC /* Resources */,
				36F9D71277FFD5E5B40FE0AB /* [CP] Embed Pods Frameworks */,
			);
			buildRules = (
			);
			dependencies = (
			);
			name = Example2GisApi;
			productName = Example2GisApi;
			productReference = FAE3F9BC23B6235C00F6E7BC /* Example2GisApi.app */;
			productType = "com.apple.product-type.application";
		};
/* End PBXNativeTarget section */

/* Begin PBXProject section */
		FAE3F9B423B6235C00F6E7BC /* Project object */ = {
			isa = PBXProject;
			attributes = {
				LastSwiftUpdateCheck = 1110;
				LastUpgradeCheck = 1110;
				ORGANIZATIONNAME = "Aleksandr Smetannikov";
				TargetAttributes = {
					FAE3F9BB23B6235C00F6E7BC = {
						CreatedOnToolsVersion = 11.1;
					};
				};
			};
			buildConfigurationList = FAE3F9B723B6235C00F6E7BC /* Build configuration list for PBXProject "Example2GisApi" */;
			compatibilityVersion = "Xcode 9.3";
			developmentRegion = en;
			hasScannedForEncodings = 0;
			knownRegions = (
				en,
				Base,
			);
			mainGroup = FAE3F9B323B6235C00F6E7BC;
			productRefGroup = FAE3F9BD23B6235C00F6E7BC /* Products */;
			projectDirPath = "";
			projectRoot = "";
			targets = (
				FAE3F9BB23B6235C00F6E7BC /* Example2GisApi */,
			);
		};
/* End PBXProject section */

/* Begin PBXResourcesBuildPhase section */
		FAE3F9BA23B6235C00F6E7BC /* Resources */ = {
			isa = PBXResourcesBuildPhase;
			buildActionMask = 2147483647;
			files = (
				FAAC381723B9CFE100A23D8E /* DGMap.html in Resources */,
				FAE3F9CC23B6236300F6E7BC /* LaunchScreen.storyboard in Resources */,
				FAE3F9C923B6236300F6E7BC /* Assets.xcassets in Resources */,
				FAE3F9C723B6235C00F6E7BC /* Main.storyboard in Resources */,
			);
			runOnlyForDeploymentPostprocessing = 0;
		};
/* End PBXResourcesBuildPhase section */

/* Begin PBXShellScriptBuildPhase section */
		36F9D71277FFD5E5B40FE0AB /* [CP] Embed Pods Frameworks */ = {
			isa = PBXShellScriptBuildPhase;
			buildActionMask = 2147483647;
			files = (
			);
			inputFileListPaths = (
				"${PODS_ROOT}/Target Support Files/Pods-Example2GisApi/Pods-Example2GisApi-frameworks-${CONFIGURATION}-input-files.xcfilelist",
			);
			name = "[CP] Embed Pods Frameworks";
			outputFileListPaths = (
				"${PODS_ROOT}/Target Support Files/Pods-Example2GisApi/Pods-Example2GisApi-frameworks-${CONFIGURATION}-output-files.xcfilelist",
			);
			runOnlyForDeploymentPostprocessing = 0;
			shellPath = /bin/sh;
			shellScript = "\"${PODS_ROOT}/Target Support Files/Pods-Example2GisApi/Pods-Example2GisApi-frameworks.sh\"\n";
			showEnvVarsInLog = 0;
		};
		83D281EC60A3EBA4488F0388 /* [CP] Check Pods Manifest.lock */ = {
			isa = PBXShellScriptBuildPhase;
			buildActionMask = 2147483647;
			files = (
			);
			inputFileListPaths = (
			);
			inputPaths = (
				"${PODS_PODFILE_DIR_PATH}/Podfile.lock",
				"${PODS_ROOT}/Manifest.lock",
			);
			name = "[CP] Check Pods Manifest.lock";
			outputFileListPaths = (
			);
			outputPaths = (
				"$(DERIVED_FILE_DIR)/Pods-Example2GisApi-checkManifestLockResult.txt",
			);
			runOnlyForDeploymentPostprocessing = 0;
			shellPath = /bin/sh;
			shellScript = "diff \"${PODS_PODFILE_DIR_PATH}/Podfile.lock\" \"${PODS_ROOT}/Manifest.lock\" > /dev/null\nif [ $? != 0 ] ; then\n    # print error to STDERR\n    echo \"error: The sandbox is not in sync with the Podfile.lock. Run 'pod install' or update your CocoaPods installation.\" >&2\n    exit 1\nfi\n# This output is used by Xcode 'outputs' to avoid re-running this script phase.\necho \"SUCCESS\" > \"${SCRIPT_OUTPUT_FILE_0}\"\n";
			showEnvVarsInLog = 0;
		};
/* End PBXShellScriptBuildPhase section */

/* Begin PBXSourcesBuildPhase section */
		FAE3F9B823B6235C00F6E7BC /* Sources */ = {
			isa = PBXSourcesBuildPhase;
			buildActionMask = 2147483647;
			files = (
				FAE3F9C423B6235C00F6E7BC /* ViewController.swift in Sources */,
				FAE3F9C023B6235C00F6E7BC /* AppDelegate.swift in Sources */,
				FAE3F9D523B6248300F6E7BC /* DGMapWebView.swift in Sources */,
			);
			runOnlyForDeploymentPostprocessing = 0;
		};
/* End PBXSourcesBuildPhase section */

/* Begin PBXVariantGroup section */
		FAE3F9C523B6235C00F6E7BC /* Main.storyboard */ = {
			isa = PBXVariantGroup;
			children = (
				FAE3F9C623B6235C00F6E7BC /* Base */,
			);
			name = Main.storyboard;
			sourceTree = "<group>";
		};
		FAE3F9CA23B6236300F6E7BC /* LaunchScreen.storyboard */ = {
			isa = PBXVariantGroup;
			children = (
				FAE3F9CB23B6236300F6E7BC /* Base */,
			);
			name = LaunchScreen.storyboard;
			sourceTree = "<group>";
		};
/* End PBXVariantGroup section */

/* Begin XCBuildConfiguration section */
		FAE3F9CE23B6236300F6E7BC /* Debug */ = {
			isa = XCBuildConfiguration;
			buildSettings = {
				ALWAYS_SEARCH_USER_PATHS = NO;
				CLANG_ANALYZER_NONNULL = YES;
				CLANG_ANALYZER_NUMBER_OBJECT_CONVERSION = YES_AGGRESSIVE;
				CLANG_CXX_LANGUAGE_STANDARD = "gnu++14";
				CLANG_CXX_LIBRARY = "libc++";
				CLANG_ENABLE_MODULES = YES;
				CLANG_ENABLE_OBJC_ARC = YES;
				CLANG_ENABLE_OBJC_WEAK = YES;
				CLANG_WARN_BLOCK_CAPTURE_AUTORELEASING = YES;
				CLANG_WARN_BOOL_CONVERSION = YES;
				CLANG_WARN_COMMA = YES;
				CLANG_WARN_CONSTANT_CONVERSION = YES;
				CLANG_WARN_DEPRECATED_OBJC_IMPLEMENTATIONS = YES;
				CLANG_WARN_DIRECT_OBJC_ISA_USAGE = YES_ERROR;
				CLANG_WARN_DOCUMENTATION_COMMENTS = YES;
				CLANG_WARN_EMPTY_BODY = YES;
				CLANG_WARN_ENUM_CONVERSION = YES;
				CLANG_WARN_INFINITE_RECURSION = YES;
				CLANG_WARN_INT_CONVERSION = YES;
				CLANG_WARN_NON_LITERAL_NULL_CONVERSION = YES;
				CLANG_WARN_OBJC_IMPLICIT_RETAIN_SELF = YES;
				CLANG_WARN_OBJC_LITERAL_CONVERSION = YES;
				CLANG_WARN_OBJC_ROOT_CLASS = YES_ERROR;
				CLANG_WARN_RANGE_LOOP_ANALYSIS = YES;
				CLANG_WARN_STRICT_PROTOTYPES = YES;
				CLANG_WARN_SUSPICIOUS_MOVE = YES;
				CLANG_WARN_UNGUARDED_AVAILABILITY = YES_AGGRESSIVE;
				CLANG_WARN_UNREACHABLE_CODE = YES;
				CLANG_WARN__DUPLICATE_METHOD_MATCH = YES;
				COPY_PHASE_STRIP = NO;
				DEBUG_INFORMATION_FORMAT = dwarf;
				ENABLE_STRICT_OBJC_MSGSEND = YES;
				ENABLE_TESTABILITY = YES;
				GCC_C_LANGUAGE_STANDARD = gnu11;
				GCC_DYNAMIC_NO_PIC = NO;
				GCC_NO_COMMON_BLOCKS = YES;
				GCC_OPTIMIZATION_LEVEL = 0;
				GCC_PREPROCESSOR_DEFINITIONS = (
					"DEBUG=1",
					"$(inherited)",
				);
				GCC_WARN_64_TO_32_BIT_CONVERSION = YES;
				GCC_WARN_ABOUT_RETURN_TYPE = YES_ERROR;
				GCC_WARN_UNDECLARED_SELECTOR = YES;
				GCC_WARN_UNINITIALIZED_AUTOS = YES_AGGRESSIVE;
				GCC_WARN_UNUSED_FUNCTION = YES;
				GCC_WARN_UNUSED_VARIABLE = YES;
				IPHONEOS_DEPLOYMENT_TARGET = 13.1;
				MTL_ENABLE_DEBUG_INFO = INCLUDE_SOURCE;
				MTL_FAST_MATH = YES;
				ONLY_ACTIVE_ARCH = YES;
				SDKROOT = iphoneos;
				SWIFT_ACTIVE_COMPILATION_CONDITIONS = DEBUG;
				SWIFT_OPTIMIZATION_LEVEL = "-Onone";
			};
			name = Debug;
		};
		FAE3F9CF23B6236300F6E7BC /* Release */ = {
			isa = XCBuildConfiguration;
			buildSettings = {
				ALWAYS_SEARCH_USER_PATHS = NO;
				CLANG_ANALYZER_NONNULL = YES;
				CLANG_ANALYZER_NUMBER_OBJECT_CONVERSION = YES_AGGRESSIVE;
				CLANG_CXX_LANGUAGE_STANDARD = "gnu++14";
				CLANG_CXX_LIBRARY = "libc++";
				CLANG_ENABLE_MODULES = YES;
				CLANG_ENABLE_OBJC_ARC = YES;
				CLANG_ENABLE_OBJC_WEAK = YES;
				CLANG_WARN_BLOCK_CAPTURE_AUTORELEASING = YES;
				CLANG_WARN_BOOL_CONVERSION = YES;
				CLANG_WARN_COMMA = YES;
				CLANG_WARN_CONSTANT_CONVERSION = YES;
				CLANG_WARN_DEPRECATED_OBJC_IMPLEMENTATIONS = YES;
				CLANG_WARN_DIRECT_OBJC_ISA_USAGE = YES_ERROR;
				CLANG_WARN_DOCUMENTATION_COMMENTS = YES;
				CLANG_WARN_EMPTY_BODY = YES;
				CLANG_WARN_ENUM_CONVERSION = YES;
				CLANG_WARN_INFINITE_RECURSION = YES;
				CLANG_WARN_INT_CONVERSION = YES;
				CLANG_WARN_NON_LITERAL_NULL_CONVERSION = YES;
				CLANG_WARN_OBJC_IMPLICIT_RETAIN_SELF = YES;
				CLANG_WARN_OBJC_LITERAL_CONVERSION = YES;
				CLANG_WARN_OBJC_ROOT_CLASS = YES_ERROR;
				CLANG_WARN_RANGE_LOOP_ANALYSIS = YES;
				CLANG_WARN_STRICT_PROTOTYPES = YES;
				CLANG_WARN_SUSPICIOUS_MOVE = YES;
				CLANG_WARN_UNGUARDED_AVAILABILITY = YES_AGGRESSIVE;
				CLANG_WARN_UNREACHABLE_CODE = YES;
				CLANG_WARN__DUPLICATE_METHOD_MATCH = YES;
				COPY_PHASE_STRIP = NO;
				DEBUG_INFORMATION_FORMAT = "dwarf-with-dsym";
				ENABLE_NS_ASSERTIONS = NO;
				ENABLE_STRICT_OBJC_MSGSEND = YES;
				GCC_C_LANGUAGE_STANDARD = gnu11;
				GCC_NO_COMMON_BLOCKS = YES;
				GCC_WARN_64_TO_32_BIT_CONVERSION = YES;
				GCC_WARN_ABOUT_RETURN_TYPE = YES_ERROR;
				GCC_WARN_UNDECLARED_SELECTOR = YES;
				GCC_WARN_UNINITIALIZED_AUTOS = YES_AGGRESSIVE;
				GCC_WARN_UNUSED_FUNCTION = YES;
				GCC_WARN_UNUSED_VARIABLE = YES;
				IPHONEOS_DEPLOYMENT_TARGET = 13.1;
				MTL_ENABLE_DEBUG_INFO = NO;
				MTL_FAST_MATH = YES;
				SDKROOT = iphoneos;
				SWIFT_COMPILATION_MODE = wholemodule;
				SWIFT_OPTIMIZATION_LEVEL = "-O";
				VALIDATE_PRODUCT = YES;
			};
			name = Release;
		};
		FAE3F9D123B6236300F6E7BC /* Debug */ = {
			isa = XCBuildConfiguration;
			baseConfigurationReference = 0391BB8FACA9EF1E7D3F7CB0 /* Pods-Example2GisApi.debug.xcconfig */;
			buildSettings = {
				ASSETCATALOG_COMPILER_APPICON_NAME = AppIcon;
				CODE_SIGN_STYLE = Automatic;
				DEVELOPMENT_TEAM = "";
				INFOPLIST_FILE = Example/Info.plist;
				IPHONEOS_DEPLOYMENT_TARGET = 10.0;
				LD_RUNPATH_SEARCH_PATHS = (
					"$(inherited)",
					"@executable_path/Frameworks",
				);
				PRODUCT_BUNDLE_IDENTIFIER = alexsmetdev.Example2GisApi;
				PRODUCT_NAME = "$(TARGET_NAME)";
				SWIFT_VERSION = 5.0;
				TARGETED_DEVICE_FAMILY = 1;
			};
			name = Debug;
		};
		FAE3F9D223B6236300F6E7BC /* Release */ = {
			isa = XCBuildConfiguration;
			baseConfigurationReference = CF5CD3ACFA8319173AEA530A /* Pods-Example2GisApi.release.xcconfig */;
			buildSettings = {
				ASSETCATALOG_COMPILER_APPICON_NAME = AppIcon;
				CODE_SIGN_STYLE = Automatic;
				DEVELOPMENT_TEAM = "";
				INFOPLIST_FILE = Example/Info.plist;
				IPHONEOS_DEPLOYMENT_TARGET = 10.0;
				LD_RUNPATH_SEARCH_PATHS = (
					"$(inherited)",
					"@executable_path/Frameworks",
				);
				PRODUCT_BUNDLE_IDENTIFIER = alexsmetdev.Example2GisApi;
				PRODUCT_NAME = "$(TARGET_NAME)";
				SWIFT_VERSION = 5.0;
				TARGETED_DEVICE_FAMILY = 1;
			};
			name = Release;
		};
/* End XCBuildConfiguration section */

/* Begin XCConfigurationList section */
		FAE3F9B723B6235C00F6E7BC /* Build configuration list for PBXProject "Example2GisApi" */ = {
			isa = XCConfigurationList;
			buildConfigurations = (
				FAE3F9CE23B6236300F6E7BC /* Debug */,
				FAE3F9CF23B6236300F6E7BC /* Release */,
			);
			defaultConfigurationIsVisible = 0;
			defaultConfigurationName = Release;
		};
		FAE3F9D023B6236300F6E7BC /* Build configuration list for PBXNativeTarget "Example2GisApi" */ = {
			isa = XCConfigurationList;
			buildConfigurations = (
				FAE3F9D123B6236300F6E7BC /* Debug */,
				FAE3F9D223B6236300F6E7BC /* Release */,
			);
			defaultConfigurationIsVisible = 0;
			defaultConfigurationName = Release;
		};
/* End XCConfigurationList section */
	};
	rootObject = FAE3F9B423B6235C00F6E7BC /* Project object */;
}
